// !$*UTF8*$!
{
	archiveVersion = 1;
	classes = {
	};
	objectVersion = 46;
	objects = {

/* Begin PBXBuildFile section */
		6E0124DC1C4C7DC3005BE482 /* AppDelegate.swift in Sources */ = {isa = PBXBuildFile; fileRef = 6E0124DB1C4C7DC3005BE482 /* AppDelegate.swift */; };
		6E0124DE1C4C7DC3005BE482 /* ViewController.swift in Sources */ = {isa = PBXBuildFile; fileRef = 6E0124DD1C4C7DC3005BE482 /* ViewController.swift */; };
		6E0124E11C4C7DC3005BE482 /* Main.storyboard in Resources */ = {isa = PBXBuildFile; fileRef = 6E0124DF1C4C7DC3005BE482 /* Main.storyboard */; };
		6E0124E31C4C7DC3005BE482 /* Assets.xcassets in Resources */ = {isa = PBXBuildFile; fileRef = 6E0124E21C4C7DC3005BE482 /* Assets.xcassets */; };
		6E0124E61C4C7DC3005BE482 /* LaunchScreen.storyboard in Resources */ = {isa = PBXBuildFile; fileRef = 6E0124E41C4C7DC3005BE482 /* LaunchScreen.storyboard */; };
/* End PBXBuildFile section */

/* Begin PBXFileReference section */
		6E0124D81C4C7DC3005BE482 /* chapter2.app */ = {isa = PBXFileReference; explicitFileType = wrapper.application; includeInIndex = 0; path = chapter2.app; sourceTree = BUILT_PRODUCTS_DIR; };
		6E0124DB1C4C7DC3005BE482 /* AppDelegate.swift */ = {isa = PBXFileReference; lastKnownFileType = sourcecode.swift; path = AppDelegate.swift; sourceTree = "<group>"; };
		6E0124DD1C4C7DC3005BE482 /* ViewController.swift */ = {isa = PBXFileReference; lastKnownFileType = sourcecode.swift; path = ViewController.swift; sourceTree = "<group>"; };
		6E0124E01C4C7DC3005BE482 /* Base */ = {isa = PBXFileReference; lastKnownFileType = file.storyboard; name = Base; path = Base.lproj/Main.storyboard; sourceTree = "<group>"; };
		6E0124E21C4C7DC3005BE482 /* Assets.xcassets */ = {isa = PBXFileReference; lastKnownFileType = folder.assetcatalog; path = Assets.xcassets; sourceTree = "<group>"; };
		6E0124E51C4C7DC3005BE482 /* Base */ = {isa = PBXFileReference; lastKnownFileType = file.storyboard; name = Base; path = Base.lproj/LaunchScreen.storyboard; sourceTree = "<group>"; };
		6E0124E71C4C7DC3005BE482 /* Info.plist */ = {isa = PBXFileReference; lastKnownFileType = text.plist.xml; path = Info.plist; sourceTree = "<group>"; };
/* End PBXFileReference section */

/* Begin PBXFrameworksBuildPhase section */
		6E0124D51C4C7DC3005BE482 /* Frameworks */ = {
			isa = PBXFrameworksBuildPhase;
			buildActionMask = 2147483647;
			files = (
			);
			runOnlyForDeploymentPostprocessing = 0;
		};
/* End PBXFrameworksBuildPhase section */

/* Begin PBXGroup section */
		6E0124CF1C4C7DC3005BE482 = {
			isa = PBXGroup;
			children = (
				6E0124DA1C4C7DC3005BE482 /* chapter2 */,
				6E0124D91C4C7DC3005BE482 /* Products */,
			);
			sourceTree = "<group>";
		};
		6E0124D91C4C7DC3005BE482 /* Products */ = {
			isa = PBXGroup;
			children = (
				6E0124D81C4C7DC3005BE482 /* chapter2.app */,
			);
			name = Products;
			sourceTree = "<group>";
		};
		6E0124DA1C4C7DC3005BE482 /* chapter2 */ = {
			isa = PBXGroup;
			children = (
				6E0124DB1C4C7DC3005BE482 /* AppDelegate.swift */,
				6E0124DD1C4C7DC3005BE482 /* ViewController.swift */,
				6E0124DF1C4C7DC3005BE482 /* Main.storyboard */,
				6E0124E21C4C7DC3005BE482 /* Assets.xcassets */,
				6E0124E41C4C7DC3005BE482 /* LaunchScreen.storyboard */,
				6E0124E71C4C7DC3005BE482 /* Info.plist */,
			);
			path = chapter2;
			sourceTree = "<group>";
		};
/* End PBXGroup section */

/* Begin PBXNativeTarget section */
		6E0124D71C4C7DC3005BE482 /* chapter2 */ = {
			isa = PBXNativeTarget;
			buildConfigurationList = 6E0124EA1C4C7DC3005BE482 /* Build configuration list for PBXNativeTarget "chapter2" */;
			buildPhases = (
				6E0124D41C4C7DC3005BE482 /* Sources */,
				6E0124D51C4C7DC3005BE482 /* Frameworks */,
				6E0124D61C4C7DC3005BE482 /* Resources */,
			);
			buildRules = (
			);
			dependencies = (
			);
			name = chapter2;
			productName = chapter2;
			productReference = 6E0124D81C4C7DC3005BE482 /* chapter2.app */;
			productType = "com.apple.product-type.application";
		};
/* End PBXNativeTarget section */

/* Begin PBXProject section */
		6E0124D01C4C7DC3005BE482 /* Project object */ = {
			isa = PBXProject;
			attributes = {
				LastSwiftUpdateCheck = 0720;
				LastUpgradeCheck = 0720;
				ORGANIZATIONNAME = "森崎 雅之";
				TargetAttributes = {
					6E0124D71C4C7DC3005BE482 = {
						CreatedOnToolsVersion = 7.2;
					};
				};
			};
			buildConfigurationList = 6E0124D31C4C7DC3005BE482 /* Build configuration list for PBXProject "chapter2" */;
			compatibilityVersion = "Xcode 3.2";
			developmentRegion = English;
			hasScannedForEncodings = 0;
			knownRegions = (
				en,
				Base,
			);
			mainGroup = 6E0124CF1C4C7DC3005BE482;
			productRefGroup = 6E0124D91C4C7DC3005BE482 /* Products */;
			projectDirPath = "";
			projectRoot = "";
			targets = (
				6E0124D71C4C7DC3005BE482 /* chapter2 */,
			);
		};
/* End PBXProject section */

/* Begin PBXResourcesBuildPhase section */
		6E0124D61C4C7DC3005BE482 /* Resources */ = {
			isa = PBXResourcesBuildPhase;
			buildActionMask = 2147483647;
			files = (
				6E0124E61C4C7DC3005BE482 /* LaunchScreen.storyboard in Resources */,
				6E0124E31C4C7DC3005BE482 /* Assets.xcassets in Resources */,
				6E0124E11C4C7DC3005BE482 /* Main.storyboard in Resources */,
			);
			runOnlyForDeploymentPostprocessing = 0;
		};
/* End PBXResourcesBuildPhase section */

/* Begin PBXSourcesBuildPhase section */
		6E0124D41C4C7DC3005BE482 /* Sources */ = {
			isa = PBXSourcesBuildPhase;
			buildActionMask = 2147483647;
			files = (
				6E0124DE1C4C7DC3005BE482 /* ViewController.swift in Sources */,
				6E0124DC1C4C7DC3005BE482 /* AppDelegate.swift in Sources */,
			);
			runOnlyForDeploymentPostprocessing = 0;
		};
/* End PBXSourcesBuildPhase section */

/* Begin PBXVariantGroup section */
		6E0124DF1C4C7DC3005BE482 /* Main.storyboard */ = {
			isa = PBXVariantGroup;
			children = (
				6E0124E01C4C7DC3005BE482 /* Base */,
			);
			name = Main.storyboard;
			sourceTree = "<group>";
		};
		6E0124E41C4C7DC3005BE482 /* LaunchScreen.storyboard */ = {
			isa = PBXVariantGroup;
			children = (
				6E0124E51C4C7DC3005BE482 /* Base */,
			);
			name = LaunchScreen.storyboard;
			sourceTree = "<group>";
		};
/* End PBXVariantGroup section */

/* Begin XCBuildConfiguration section */
		6E0124E81C4C7DC3005BE482 /* Debug */ = {
			isa = XCBuildConfiguration;
			buildSettings = {
				ALWAYS_SEARCH_USER_PATHS = NO;
				CLANG_CXX_LANGUAGE_STANDARD = "gnu++0x";
				CLANG_CXX_LIBRARY = "libc++";
				CLANG_ENABLE_MODULES = YES;
				CLANG_ENABLE_OBJC_ARC = YES;
				CLANG_WARN_BOOL_CONVERSION = YES;
				CLANG_WARN_CONSTANT_CONVERSION = YES;
				CLANG_WARN_DIRECT_OBJC_ISA_USAGE = YES_ERROR;
				CLANG_WARN_EMPTY_BODY = YES;
				CLANG_WARN_ENUM_CONVERSION = YES;
				CLANG_WARN_INT_CONVERSION = YES;
				CLANG_WARN_OBJC_ROOT_CLASS = YES_ERROR;
				CLANG_WARN_UNREACHABLE_CODE = YES;
				CLANG_WARN__DUPLICATE_METHOD_MATCH = YES;
				"CODE_SIGN_IDENTITY[sdk=iphoneos*]" = "iPhone Developer";
				COPY_PHASE_STRIP = NO;
				DEBUG_INFORMATION_FORMAT = dwarf;
				ENABLE_STRICT_OBJC_MSGSEND = YES;
				ENABLE_TESTABILITY = YES;
				GCC_C_LANGUAGE_STANDARD = gnu99;
				GCC_DYNAMIC_NO_PIC = NO;
				GCC_NO_COMMON_BLOCKS = YES;
				GCC_OPTIMIZATION_LEVEL = 0;
				GCC_PREPROCESSOR_DEFINITIONS = (
					"DEBUG=1",
					"$(inherited)",
				);
				GCC_WARN_64_TO_32_BIT_CONVERSION = YES;
				GCC_WARN_ABOUT_RETURN_TYPE = YES_ERROR;
				GCC_WARN_UNDECLARED_SELECTOR = YES;
				GCC_WARN_UNINITIALIZED_AUTOS = YES_AGGRESSIVE;
				GCC_WARN_UNUSED_FUNCTION = YES;
				GCC_WARN_UNUSED_VARIABLE = YES;
				IPHONEOS_DEPLOYMENT_TARGET = 9.2;
				MTL_ENABLE_DEBUG_INFO = YES;
				ONLY_ACTIVE_ARCH = YES;
				SDKROOT = iphoneos;
				SWIFT_OPTIMIZATION_LEVEL = "-Onone";
			};
			name = Debug;
		};
		6E0124E91C4C7DC3005BE482 /* Release */ = {
			isa = XCBuildConfiguration;
			buildSettings = {
				ALWAYS_SEARCH_USER_PATHS = NO;
				CLANG_CXX_LANGUAGE_STANDARD = "gnu++0x";
				CLANG_CXX_LIBRARY = "libc++";
				CLANG_ENABLE_MODULES = YES;
				CLANG_ENABLE_OBJC_ARC = YES;
				CLANG_WARN_BOOL_CONVERSION = YES;
				CLANG_WARN_CONSTANT_CONVERSION = YES;
				CLANG_WARN_DIRECT_OBJC_ISA_USAGE = YES_ERROR;
				CLANG_WARN_EMPTY_BODY = YES;
				CLANG_WARN_ENUM_CONVERSION = YES;
				CLANG_WARN_INT_CONVERSION = YES;
				CLANG_WARN_OBJC_ROOT_CLASS = YES_ERROR;
				CLANG_WARN_UNREACHABLE_CODE = YES;
				CLANG_WARN__DUPLICATE_METHOD_MATCH = YES;
				"CODE_SIGN_IDENTITY[sdk=iphoneos*]" = "iPhone Developer";
				COPY_PHASE_STRIP = NO;
				DEBUG_INFORMATION_FORMAT = "dwarf-with-dsym";
				ENABLE_NS_ASSERTIONS = NO;
				ENABLE_STRICT_OBJC_MSGSEND = YES;
				GCC_C_LANGUAGE_STANDARD = gnu99;
				GCC_NO_COMMON_BLOCKS = YES;
				GCC_WARN_64_TO_32_BIT_CONVERSION = YES;
				GCC_WARN_ABOUT_RETURN_TYPE = YES_ERROR;
				GCC_WARN_UNDECLARED_SELECTOR = YES;
				GCC_WARN_UNINITIALIZED_AUTOS = YES_AGGRESSIVE;
				GCC_WARN_UNUSED_FUNCTION = YES;
				GCC_WARN_UNUSED_VARIABLE = YES;
				IPHONEOS_DEPLOYMENT_TARGET = 9.2;
				MTL_ENABLE_DEBUG_INFO = NO;
				SDKROOT = iphoneos;
				VALIDATE_PRODUCT = YES;
			};
			name = Release;
		};
		6E0124EB1C4C7DC3005BE482 /* Debug */ = {
			isa = XCBuildConfiguration;
			buildSettings = {
				ASSETCATALOG_COMPILER_APPICON_NAME = AppIcon;
				INFOPLIST_FILE = chapter2/Info.plist;
				LD_RUNPATH_SEARCH_PATHS = "$(inherited) @executable_path/Frameworks";
				PRODUCT_BUNDLE_IDENTIFIER = com.masayuki14.chapter2;
				PRODUCT_NAME = "$(TARGET_NAME)";
			};
			name = Debug;
		};
		6E0124EC1C4C7DC3005BE482 /* Release */ = {
			isa = XCBuildConfiguration;
			buildSettings = {
				ASSETCATALOG_COMPILER_APPICON_NAME = AppIcon;
				INFOPLIST_FILE = chapter2/Info.plist;
				LD_RUNPATH_SEARCH_PATHS = "$(inherited) @executable_path/Frameworks";
				PRODUCT_BUNDLE_IDENTIFIER = com.masayuki14.chapter2;
				PRODUCT_NAME = "$(TARGET_NAME)";
			};
			name = Release;
		};
/* End XCBuildConfiguration section */

/* Begin XCConfigurationList section */
		6E0124D31C4C7DC3005BE482 /* Build configuration list for PBXProject "chapter2" */ = {
			isa = XCConfigurationList;
			buildConfigurations = (
				6E0124E81C4C7DC3005BE482 /* Debug */,
				6E0124E91C4C7DC3005BE482 /* Release */,
			);
			defaultConfigurationIsVisible = 0;
			defaultConfigurationName = Release;
		};
		6E0124EA1C4C7DC3005BE482 /* Build configuration list for PBXNativeTarget "chapter2" */ = {
			isa = XCConfigurationList;
			buildConfigurations = (
				6E0124EB1C4C7DC3005BE482 /* Debug */,
				6E0124EC1C4C7DC3005BE482 /* Release */,
			);
			defaultConfigurationIsVisible = 0;
		};
/* End XCConfigurationList section */
	};
	rootObject = 6E0124D01C4C7DC3005BE482 /* Project object */;
}
